
Microsoft Visual Studio Solution File, Format Version 12.00
# Visual Studio Version 17
VisualStudioVersion = 17.13.35913.81 d17.13
MinimumVisualStudioVersion = 10.0.40219.1
Project("{FAE04EC0-301F-11D3-BF4B-00C04F79EFBC}") = "Agenda", "Agenda\Agenda.csproj", "{F34F52B5-0B02-4A69-BE96-6E4DCD89F791}"
EndProject
Global
	GlobalSection(SolutionConfigurationPlatforms) = preSolution
		Debug|Any CPU = Debug|Any CPU
		Release|Any CPU = Release|Any CPU
	EndGlobalSection
	GlobalSection(ProjectConfigurationPlatforms) = postSolution
		{F34F52B5-0B02-4A69-BE96-6E4DCD89F791}.Debug|Any CPU.ActiveCfg = Debug|Any CPU
		{F34F52B5-0B02-4A69-BE96-6E4DCD89F791}.Debug|Any CPU.Build.0 = Debug|Any CPU
		{F34F52B5-0B02-4A69-BE96-6E4DCD89F791}.Release|Any CPU.ActiveCfg = Release|Any CPU
		{F34F52B5-0B02-4A69-BE96-6E4DCD89F791}.Release|Any CPU.Build.0 = Release|Any CPU
	EndGlobalSection
	GlobalSection(SolutionProperties) = preSolution
		HideSolutionNode = FALSE
	EndGlobalSection
	GlobalSection(ExtensibilityGlobals) = postSolution
		SolutionGuid = {8D966D1E-1112-4419-8CF3-7B05EA730406}
	EndGlobalSection
EndGlobal
